
Microsoft Visual Studio Solution File, Format Version 10.00
# Visual Studio 2008
Project("{FAE04EC0-301F-11D3-BF4B-00C04F79EFBC}") = "Rank++", "Rank++.csproj", "{36EDCE0C-248E-4F98-993C-70F643C722B9}"
EndProject
Global
	GlobalSection(SolutionConfigurationPlatforms) = preSolution
		Debug|Any CPU = Debug|Any CPU
		Release|Any CPU = Release|Any CPU
	EndGlobalSection
	GlobalSection(ProjectConfigurationPlatforms) = postSolution
		{36EDCE0C-248E-4F98-993C-70F643C722B9}.Debug|Any CPU.ActiveCfg = Debug|Any CPU
		{36EDCE0C-248E-4F98-993C-70F643C722B9}.Debug|Any CPU.Build.0 = Debug|Any CPU
		{36EDCE0C-248E-4F98-993C-70F643C722B9}.Release|Any CPU.ActiveCfg = Release|Any CPU
		{36EDCE0C-248E-4F98-993C-70F643C722B9}.Release|Any CPU.Build.0 = Release|Any CPU
	EndGlobalSection
	GlobalSection(SolutionProperties) = preSolution
		HideSolutionNode = FALSE
	EndGlobalSection
EndGlobal
